
Microsoft Visual Studio Solution File, Format Version 12.00
# Visual Studio Version 16
VisualStudioVersion = 16.0.32228.343
MinimumVisualStudioVersion = 10.0.40219.1
Project("{2150E333-8FDC-42A3-9474-1A3956D46DE8}") = "Services", "Services", "{8425A013-1116-42AD-9F3C-17653BA01093}"
EndProject
Project("{2150E333-8FDC-42A3-9474-1A3956D46DE8}") = "Catalog", "Catalog", "{4172B18C-7FE4-4F5C-BE20-BDD907A4FF6E}"
EndProject
Project("{9A19103F-16F7-4668-BE54-9A1E7A4F7556}") = "Catalog.API", "Services\Catalog\Catalog.API\Catalog.API.csproj", "{BBBF3331-D2FB-4166-8CC2-B8DF2E03AC19}"
EndProject
Project("{E53339B2-1760-4266-BCC7-CA923CBCF16C}") = "docker-compose", "docker-compose.dcproj", "{57613485-32F2-49DC-8868-9708DA60C8F9}"
EndProject
Project("{2150E333-8FDC-42A3-9474-1A3956D46DE8}") = "Basket", "Basket", "{2570D655-23C3-4D32-A2CD-B1BFA02B36A8}"
EndProject
Project("{9A19103F-16F7-4668-BE54-9A1E7A4F7556}") = "Basket.API", "Services\Basket\Basket.API\Basket.API.csproj", "{EFA5B925-EA6B-4A9E-9649-3903677631F3}"
EndProject
Project("{2150E333-8FDC-42A3-9474-1A3956D46DE8}") = "Discount", "Discount", "{BAC0215F-4615-4DD1-B36C-2AD77689C1D8}"
EndProject
Project("{9A19103F-16F7-4668-BE54-9A1E7A4F7556}") = "Discount.API", "Services\Discount\Discount.API\Discount.API.csproj", "{6201FF46-E846-4B73-809D-8859A3DC1E13}"
EndProject
Project("{9A19103F-16F7-4668-BE54-9A1E7A4F7556}") = "Discount.Grpc", "Services\Discount\Discount.Grpc\Discount.Grpc.csproj", "{CDFF15E4-0AF4-4832-9F0C-9940CC2A488F}"
EndProject
Project("{2150E333-8FDC-42A3-9474-1A3956D46DE8}") = "Ordering", "Ordering", "{D4AEA4D9-040E-428F-B03A-B94472CB1408}"
EndProject
Project("{FAE04EC0-301F-11D3-BF4B-00C04F79EFBC}") = "Ordering.API", "Services\Ordering\Ordering.API\Ordering.API.csproj", "{A940004F-6BC5-4AB2-AB2C-047F7DF83F61}"
EndProject
Project("{FAE04EC0-301F-11D3-BF4B-00C04F79EFBC}") = "Ordering.Domain", "Services\Ordering\Ordering.Domain\Ordering.Domain.csproj", "{C71114C8-4CB3-4424-B278-258A8205A602}"
EndProject
Project("{FAE04EC0-301F-11D3-BF4B-00C04F79EFBC}") = "Ordering.Application", "Services\Ordering\Ordering.Application\Ordering.Application.csproj", "{F578DF34-D412-4656-B609-A4FEE1605354}"
EndProject
Project("{FAE04EC0-301F-11D3-BF4B-00C04F79EFBC}") = "Ordering.Infrastructure", "Services\Ordering\Ordering.Infrastructure\Ordering.Infrastructure.csproj", "{809DFDA6-0625-4ED8-B429-584B78641975}"
EndProject
Global
	GlobalSection(SolutionConfigurationPlatforms) = preSolution
		Debug|Any CPU = Debug|Any CPU
		Release|Any CPU = Release|Any CPU
	EndGlobalSection
	GlobalSection(ProjectConfigurationPlatforms) = postSolution
		{BBBF3331-D2FB-4166-8CC2-B8DF2E03AC19}.Debug|Any CPU.ActiveCfg = Debug|Any CPU
		{BBBF3331-D2FB-4166-8CC2-B8DF2E03AC19}.Debug|Any CPU.Build.0 = Debug|Any CPU
		{BBBF3331-D2FB-4166-8CC2-B8DF2E03AC19}.Release|Any CPU.ActiveCfg = Release|Any CPU
		{BBBF3331-D2FB-4166-8CC2-B8DF2E03AC19}.Release|Any CPU.Build.0 = Release|Any CPU
		{57613485-32F2-49DC-8868-9708DA60C8F9}.Debug|Any CPU.ActiveCfg = Debug|Any CPU
		{57613485-32F2-49DC-8868-9708DA60C8F9}.Debug|Any CPU.Build.0 = Debug|Any CPU
		{57613485-32F2-49DC-8868-9708DA60C8F9}.Release|Any CPU.ActiveCfg = Release|Any CPU
		{57613485-32F2-49DC-8868-9708DA60C8F9}.Release|Any CPU.Build.0 = Release|Any CPU
		{EFA5B925-EA6B-4A9E-9649-3903677631F3}.Debug|Any CPU.ActiveCfg = Debug|Any CPU
		{EFA5B925-EA6B-4A9E-9649-3903677631F3}.Debug|Any CPU.Build.0 = Debug|Any CPU
		{EFA5B925-EA6B-4A9E-9649-3903677631F3}.Release|Any CPU.ActiveCfg = Release|Any CPU
		{EFA5B925-EA6B-4A9E-9649-3903677631F3}.Release|Any CPU.Build.0 = Release|Any CPU
		{6201FF46-E846-4B73-809D-8859A3DC1E13}.Debug|Any CPU.ActiveCfg = Debug|Any CPU
		{6201FF46-E846-4B73-809D-8859A3DC1E13}.Debug|Any CPU.Build.0 = Debug|Any CPU
		{6201FF46-E846-4B73-809D-8859A3DC1E13}.Release|Any CPU.ActiveCfg = Release|Any CPU
		{6201FF46-E846-4B73-809D-8859A3DC1E13}.Release|Any CPU.Build.0 = Release|Any CPU
		{CDFF15E4-0AF4-4832-9F0C-9940CC2A488F}.Debug|Any CPU.ActiveCfg = Debug|Any CPU
		{CDFF15E4-0AF4-4832-9F0C-9940CC2A488F}.Debug|Any CPU.Build.0 = Debug|Any CPU
		{CDFF15E4-0AF4-4832-9F0C-9940CC2A488F}.Release|Any CPU.ActiveCfg = Release|Any CPU
		{CDFF15E4-0AF4-4832-9F0C-9940CC2A488F}.Release|Any CPU.Build.0 = Release|Any CPU
		{A940004F-6BC5-4AB2-AB2C-047F7DF83F61}.Debug|Any CPU.ActiveCfg = Debug|Any CPU
		{A940004F-6BC5-4AB2-AB2C-047F7DF83F61}.Debug|Any CPU.Build.0 = Debug|Any CPU
		{A940004F-6BC5-4AB2-AB2C-047F7DF83F61}.Release|Any CPU.ActiveCfg = Release|Any CPU
		{A940004F-6BC5-4AB2-AB2C-047F7DF83F61}.Release|Any CPU.Build.0 = Release|Any CPU
		{C71114C8-4CB3-4424-B278-258A8205A602}.Debug|Any CPU.ActiveCfg = Debug|Any CPU
		{C71114C8-4CB3-4424-B278-258A8205A602}.Debug|Any CPU.Build.0 = Debug|Any CPU
		{C71114C8-4CB3-4424-B278-258A8205A602}.Release|Any CPU.ActiveCfg = Release|Any CPU
		{C71114C8-4CB3-4424-B278-258A8205A602}.Release|Any CPU.Build.0 = Release|Any CPU
		{F578DF34-D412-4656-B609-A4FEE1605354}.Debug|Any CPU.ActiveCfg = Debug|Any CPU
		{F578DF34-D412-4656-B609-A4FEE1605354}.Debug|Any CPU.Build.0 = Debug|Any CPU
		{F578DF34-D412-4656-B609-A4FEE1605354}.Release|Any CPU.ActiveCfg = Release|Any CPU
		{F578DF34-D412-4656-B609-A4FEE1605354}.Release|Any CPU.Build.0 = Release|Any CPU
		{809DFDA6-0625-4ED8-B429-584B78641975}.Debug|Any CPU.ActiveCfg = Debug|Any CPU
		{809DFDA6-0625-4ED8-B429-584B78641975}.Debug|Any CPU.Build.0 = Debug|Any CPU
		{809DFDA6-0625-4ED8-B429-584B78641975}.Release|Any CPU.ActiveCfg = Release|Any CPU
		{809DFDA6-0625-4ED8-B429-584B78641975}.Release|Any CPU.Build.0 = Release|Any CPU
	EndGlobalSection
	GlobalSection(SolutionProperties) = preSolution
		HideSolutionNode = FALSE
	EndGlobalSection
	GlobalSection(NestedProjects) = preSolution
		{4172B18C-7FE4-4F5C-BE20-BDD907A4FF6E} = {8425A013-1116-42AD-9F3C-17653BA01093}
		{BBBF3331-D2FB-4166-8CC2-B8DF2E03AC19} = {4172B18C-7FE4-4F5C-BE20-BDD907A4FF6E}
		{2570D655-23C3-4D32-A2CD-B1BFA02B36A8} = {8425A013-1116-42AD-9F3C-17653BA01093}
		{EFA5B925-EA6B-4A9E-9649-3903677631F3} = {2570D655-23C3-4D32-A2CD-B1BFA02B36A8}
		{BAC0215F-4615-4DD1-B36C-2AD77689C1D8} = {8425A013-1116-42AD-9F3C-17653BA01093}
		{6201FF46-E846-4B73-809D-8859A3DC1E13} = {BAC0215F-4615-4DD1-B36C-2AD77689C1D8}
		{CDFF15E4-0AF4-4832-9F0C-9940CC2A488F} = {BAC0215F-4615-4DD1-B36C-2AD77689C1D8}
		{D4AEA4D9-040E-428F-B03A-B94472CB1408} = {8425A013-1116-42AD-9F3C-17653BA01093}
		{A940004F-6BC5-4AB2-AB2C-047F7DF83F61} = {D4AEA4D9-040E-428F-B03A-B94472CB1408}
		{C71114C8-4CB3-4424-B278-258A8205A602} = {D4AEA4D9-040E-428F-B03A-B94472CB1408}
		{F578DF34-D412-4656-B609-A4FEE1605354} = {D4AEA4D9-040E-428F-B03A-B94472CB1408}
		{809DFDA6-0625-4ED8-B429-584B78641975} = {D4AEA4D9-040E-428F-B03A-B94472CB1408}
	EndGlobalSection
	GlobalSection(ExtensibilityGlobals) = postSolution
		SolutionGuid = {4418C707-2119-4C7F-A9C2-80908C1A167C}
	EndGlobalSection
EndGlobal
